// !$*UTF8*$!
{
	archiveVersion = 1;
	classes = {
	};
	objectVersion = 46;
	objects = {

/* Begin PBXBuildFile section */
		FD7837472061234700846F33 /* abc.mp3 in Resources */ = {isa = PBXBuildFile; fileRef = FD7837462061234700846F33 /* abc.mp3 */; };
		FDDA85421E8FCCFA009E7656 /* AppDelegate.m in Sources */ = {isa = PBXBuildFile; fileRef = FDDA85411E8FCCFA009E7656 /* AppDelegate.m */; };
		FDDA85451E8FCCFA009E7656 /* main.m in Sources */ = {isa = PBXBuildFile; fileRef = FDDA85441E8FCCFA009E7656 /* main.m */; };
		FDDA85481E8FCCFA009E7656 /* ViewController.m in Sources */ = {isa = PBXBuildFile; fileRef = FDDA85471E8FCCFA009E7656 /* ViewController.m */; };
		FDDA854A1E8FCCFA009E7656 /* Assets.xcassets in Resources */ = {isa = PBXBuildFile; fileRef = FDDA85491E8FCCFA009E7656 /* Assets.xcassets */; };
		FDDA854D1E8FCCFA009E7656 /* Main.storyboard in Resources */ = {isa = PBXBuildFile; fileRef = FDDA854B1E8FCCFA009E7656 /* Main.storyboard */; };
/* End PBXBuildFile section */

/* Begin PBXFileReference section */
		FD7837462061234700846F33 /* abc.mp3 */ = {isa = PBXFileReference; lastKnownFileType = audio.mp3; name = abc.mp3; path = ../../../../CommonResource/abc.mp3; sourceTree = "<group>"; };
		FDDA853D1E8FCCFA009E7656 /* AudioStreamServer.app */ = {isa = PBXFileReference; explicitFileType = wrapper.application; includeInIndex = 0; path = AudioStreamServer.app; sourceTree = BUILT_PRODUCTS_DIR; };
		FDDA85401E8FCCFA009E7656 /* AppDelegate.h */ = {isa = PBXFileReference; lastKnownFileType = sourcecode.c.h; path = AppDelegate.h; sourceTree = "<group>"; };
		FDDA85411E8FCCFA009E7656 /* AppDelegate.m */ = {isa = PBXFileReference; lastKnownFileType = sourcecode.c.objc; path = AppDelegate.m; sourceTree = "<group>"; };
		FDDA85441E8FCCFA009E7656 /* main.m */ = {isa = PBXFileReference; lastKnownFileType = sourcecode.c.objc; path = main.m; sourceTree = "<group>"; };
		FDDA85461E8FCCFA009E7656 /* ViewController.h */ = {isa = PBXFileReference; lastKnownFileType = sourcecode.c.h; path = ViewController.h; sourceTree = "<group>"; };
		FDDA85471E8FCCFA009E7656 /* ViewController.m */ = {isa = PBXFileReference; lastKnownFileType = sourcecode.c.objc; path = ViewController.m; sourceTree = "<group>"; };
		FDDA85491E8FCCFA009E7656 /* Assets.xcassets */ = {isa = PBXFileReference; lastKnownFileType = folder.assetcatalog; path = Assets.xcassets; sourceTree = "<group>"; };
		FDDA854C1E8FCCFA009E7656 /* Base */ = {isa = PBXFileReference; lastKnownFileType = file.storyboard; name = Base; path = Base.lproj/Main.storyboard; sourceTree = "<group>"; };
		FDDA854E1E8FCCFA009E7656 /* Info.plist */ = {isa = PBXFileReference; lastKnownFileType = text.plist.xml; path = Info.plist; sourceTree = "<group>"; };
/* End PBXFileReference section */

/* Begin PBXFrameworksBuildPhase section */
		FDDA853A1E8FCCFA009E7656 /* Frameworks */ = {
			isa = PBXFrameworksBuildPhase;
			buildActionMask = 2147483647;
			files = (
			);
			runOnlyForDeploymentPostprocessing = 0;
		};
/* End PBXFrameworksBuildPhase section */

/* Begin PBXGroup section */
		FDDA85341E8FCCFA009E7656 = {
			isa = PBXGroup;
			children = (
				FDDA853F1E8FCCFA009E7656 /* AudioStreamServer */,
				FDDA853E1E8FCCFA009E7656 /* Products */,
			);
			sourceTree = "<group>";
		};
		FDDA853E1E8FCCFA009E7656 /* Products */ = {
			isa = PBXGroup;
			children = (
				FDDA853D1E8FCCFA009E7656 /* AudioStreamServer.app */,
			);
			name = Products;
			sourceTree = "<group>";
		};
		FDDA853F1E8FCCFA009E7656 /* AudioStreamServer */ = {
			isa = PBXGroup;
			children = (
				FD7837462061234700846F33 /* abc.mp3 */,
				FDDA85401E8FCCFA009E7656 /* AppDelegate.h */,
				FDDA85411E8FCCFA009E7656 /* AppDelegate.m */,
				FDDA85461E8FCCFA009E7656 /* ViewController.h */,
				FDDA85471E8FCCFA009E7656 /* ViewController.m */,
				FDDA85491E8FCCFA009E7656 /* Assets.xcassets */,
				FDDA854B1E8FCCFA009E7656 /* Main.storyboard */,
				FDDA854E1E8FCCFA009E7656 /* Info.plist */,
				FDDA85431E8FCCFA009E7656 /* Supporting Files */,
			);
			path = AudioStreamServer;
			sourceTree = "<group>";
		};
		FDDA85431E8FCCFA009E7656 /* Supporting Files */ = {
			isa = PBXGroup;
			children = (
				FDDA85441E8FCCFA009E7656 /* main.m */,
			);
			name = "Supporting Files";
			sourceTree = "<group>";
		};
/* End PBXGroup section */

/* Begin PBXNativeTarget section */
		FDDA853C1E8FCCFA009E7656 /* AudioStreamServer */ = {
			isa = PBXNativeTarget;
			buildConfigurationList = FDDA85511E8FCCFA009E7656 /* Build configuration list for PBXNativeTarget "AudioStreamServer" */;
			buildPhases = (
				FDDA85391E8FCCFA009E7656 /* Sources */,
				FDDA853A1E8FCCFA009E7656 /* Frameworks */,
				FDDA853B1E8FCCFA009E7656 /* Resources */,
			);
			buildRules = (
			);
			dependencies = (
			);
			name = AudioStreamServer;
			productName = AudioStreamServer;
			productReference = FDDA853D1E8FCCFA009E7656 /* AudioStreamServer.app */;
			productType = "com.apple.product-type.application";
		};
/* End PBXNativeTarget section */

/* Begin PBXProject section */
		FDDA85351E8FCCFA009E7656 /* Project object */ = {
			isa = PBXProject;
			attributes = {
				LastUpgradeCheck = 0820;
				ORGANIZATIONNAME = loying;
				TargetAttributes = {
					FDDA853C1E8FCCFA009E7656 = {
						CreatedOnToolsVersion = 8.2.1;
						DevelopmentTeam = A478ENRUX2;
						ProvisioningStyle = Automatic;
					};
				};
			};
			buildConfigurationList = FDDA85381E8FCCFA009E7656 /* Build configuration list for PBXProject "AudioStreamServer" */;
			compatibilityVersion = "Xcode 3.2";
			developmentRegion = English;
			hasScannedForEncodings = 0;
			knownRegions = (
				en,
				Base,
			);
			mainGroup = FDDA85341E8FCCFA009E7656;
			productRefGroup = FDDA853E1E8FCCFA009E7656 /* Products */;
			projectDirPath = "";
			projectRoot = "";
			targets = (
				FDDA853C1E8FCCFA009E7656 /* AudioStreamServer */,
			);
		};
/* End PBXProject section */

/* Begin PBXResourcesBuildPhase section */
		FDDA853B1E8FCCFA009E7656 /* Resources */ = {
			isa = PBXResourcesBuildPhase;
			buildActionMask = 2147483647;
			files = (
				FD7837472061234700846F33 /* abc.mp3 in Resources */,
				FDDA854A1E8FCCFA009E7656 /* Assets.xcassets in Resources */,
				FDDA854D1E8FCCFA009E7656 /* Main.storyboard in Resources */,
			);
			runOnlyForDeploymentPostprocessing = 0;
		};
/* End PBXResourcesBuildPhase section */

/* Begin PBXSourcesBuildPhase section */
		FDDA85391E8FCCFA009E7656 /* Sources */ = {
			isa = PBXSourcesBuildPhase;
			buildActionMask = 2147483647;
			files = (
				FDDA85481E8FCCFA009E7656 /* ViewController.m in Sources */,
				FDDA85451E8FCCFA009E7656 /* main.m in Sources */,
				FDDA85421E8FCCFA009E7656 /* AppDelegate.m in Sources */,
			);
			runOnlyForDeploymentPostprocessing = 0;
		};
/* End PBXSourcesBuildPhase section */

/* Begin PBXVariantGroup section */
		FDDA854B1E8FCCFA009E7656 /* Main.storyboard */ = {
			isa = PBXVariantGroup;
			children = (
				FDDA854C1E8FCCFA009E7656 /* Base */,
			);
			name = Main.storyboard;
			sourceTree = "<group>";
		};
/* End PBXVariantGroup section */

/* Begin XCBuildConfiguration section */
		FDDA854F1E8FCCFA009E7656 /* Debug */ = {
			isa = XCBuildConfiguration;
			buildSettings = {
				ALWAYS_SEARCH_USER_PATHS = NO;
				CLANG_ANALYZER_NONNULL = YES;
				CLANG_CXX_LANGUAGE_STANDARD = "gnu++0x";
				CLANG_CXX_LIBRARY = "libc++";
				CLANG_ENABLE_MODULES = YES;
				CLANG_ENABLE_OBJC_ARC = YES;
				CLANG_WARN_BOOL_CONVERSION = YES;
				CLANG_WARN_CONSTANT_CONVERSION = YES;
				CLANG_WARN_DIRECT_OBJC_ISA_USAGE = YES_ERROR;
				CLANG_WARN_DOCUMENTATION_COMMENTS = YES;
				CLANG_WARN_EMPTY_BODY = YES;
				CLANG_WARN_ENUM_CONVERSION = YES;
				CLANG_WARN_INFINITE_RECURSION = YES;
				CLANG_WARN_INT_CONVERSION = YES;
				CLANG_WARN_OBJC_ROOT_CLASS = YES_ERROR;
				CLANG_WARN_SUSPICIOUS_MOVE = YES;
				CLANG_WARN_UNREACHABLE_CODE = YES;
				CLANG_WARN__DUPLICATE_METHOD_MATCH = YES;
				CODE_SIGN_IDENTITY = "-";
				COPY_PHASE_STRIP = NO;
				DEBUG_INFORMATION_FORMAT = dwarf;
				ENABLE_STRICT_OBJC_MSGSEND = YES;
				ENABLE_TESTABILITY = YES;
				GCC_C_LANGUAGE_STANDARD = gnu99;
				GCC_DYNAMIC_NO_PIC = NO;
				GCC_NO_COMMON_BLOCKS = YES;
				GCC_OPTIMIZATION_LEVEL = 0;
				GCC_PREPROCESSOR_DEFINITIONS = (
					"DEBUG=1",
					"$(inherited)",
				);
				GCC_WARN_64_TO_32_BIT_CONVERSION = YES;
				GCC_WARN_ABOUT_RETURN_TYPE = YES_ERROR;
				GCC_WARN_UNDECLARED_SELECTOR = YES;
				GCC_WARN_UNINITIALIZED_AUTOS = YES_AGGRESSIVE;
				GCC_WARN_UNUSED_FUNCTION = YES;
				GCC_WARN_UNUSED_VARIABLE = YES;
				MACOSX_DEPLOYMENT_TARGET = 10.12;
				MTL_ENABLE_DEBUG_INFO = YES;
				ONLY_ACTIVE_ARCH = YES;
				SDKROOT = macosx;
			};
			name = Debug;
		};
		FDDA85501E8FCCFA009E7656 /* Release */ = {
			isa = XCBuildConfiguration;
			buildSettings = {
				ALWAYS_SEARCH_USER_PATHS = NO;
				CLANG_ANALYZER_NONNULL = YES;
				CLANG_CXX_LANGUAGE_STANDARD = "gnu++0x";
				CLANG_CXX_LIBRARY = "libc++";
				CLANG_ENABLE_MODULES = YES;
				CLANG_ENABLE_OBJC_ARC = YES;
				CLANG_WARN_BOOL_CONVERSION = YES;
				CLANG_WARN_CONSTANT_CONVERSION = YES;
				CLANG_WARN_DIRECT_OBJC_ISA_USAGE = YES_ERROR;
				CLANG_WARN_DOCUMENTATION_COMMENTS = YES;
				CLANG_WARN_EMPTY_BODY = YES;
				CLANG_WARN_ENUM_CONVERSION = YES;
				CLANG_WARN_INFINITE_RECURSION = YES;
				CLANG_WARN_INT_CONVERSION = YES;
				CLANG_WARN_OBJC_ROOT_CLASS = YES_ERROR;
				CLANG_WARN_SUSPICIOUS_MOVE = YES;
				CLANG_WARN_UNREACHABLE_CODE = YES;
				CLANG_WARN__DUPLICATE_METHOD_MATCH = YES;
				CODE_SIGN_IDENTITY = "-";
				COPY_PHASE_STRIP = NO;
				DEBUG_INFORMATION_FORMAT = "dwarf-with-dsym";
				ENABLE_NS_ASSERTIONS = NO;
				ENABLE_STRICT_OBJC_MSGSEND = YES;
				GCC_C_LANGUAGE_STANDARD = gnu99;
				GCC_NO_COMMON_BLOCKS = YES;
				GCC_WARN_64_TO_32_BIT_CONVERSION = YES;
				GCC_WARN_ABOUT_RETURN_TYPE = YES_ERROR;
				GCC_WARN_UNDECLARED_SELECTOR = YES;
				GCC_WARN_UNINITIALIZED_AUTOS = YES_AGGRESSIVE;
				GCC_WARN_UNUSED_FUNCTION = YES;
				GCC_WARN_UNUSED_VARIABLE = YES;
				MACOSX_DEPLOYMENT_TARGET = 10.12;
				MTL_ENABLE_DEBUG_INFO = NO;
				SDKROOT = macosx;
			};
			name = Release;
		};
		FDDA85521E8FCCFA009E7656 /* Debug */ = {
			isa = XCBuildConfiguration;
			buildSettings = {
				ASSETCATALOG_COMPILER_APPICON_NAME = AppIcon;
				COMBINE_HIDPI_IMAGES = YES;
				DEVELOPMENT_TEAM = A478ENRUX2;
				INFOPLIST_FILE = AudioStreamServer/Info.plist;
				LD_RUNPATH_SEARCH_PATHS = "$(inherited) @executable_path/../Frameworks";
				PRODUCT_BUNDLE_IDENTIFIER = loying.lin.AudioStreamServer;
				PRODUCT_NAME = "$(TARGET_NAME)";
			};
			name = Debug;
		};
		FDDA85531E8FCCFA009E7656 /* Release */ = {
			isa = XCBuildConfiguration;
			buildSettings = {
				ASSETCATALOG_COMPILER_APPICON_NAME = AppIcon;
				COMBINE_HIDPI_IMAGES = YES;
				DEVELOPMENT_TEAM = A478ENRUX2;
				INFOPLIST_FILE = AudioStreamServer/Info.plist;
				LD_RUNPATH_SEARCH_PATHS = "$(inherited) @executable_path/../Frameworks";
				PRODUCT_BUNDLE_IDENTIFIER = loying.lin.AudioStreamServer;
				PRODUCT_NAME = "$(TARGET_NAME)";
			};
			name = Release;
		};
/* End XCBuildConfiguration section */

/* Begin XCConfigurationList section */
		FDDA85381E8FCCFA009E7656 /* Build configuration list for PBXProject "AudioStreamServer" */ = {
			isa = XCConfigurationList;
			buildConfigurations = (
				FDDA854F1E8FCCFA009E7656 /* Debug */,
				FDDA85501E8FCCFA009E7656 /* Release */,
			);
			defaultConfigurationIsVisible = 0;
			defaultConfigurationName = Release;
		};
		FDDA85511E8FCCFA009E7656 /* Build configuration list for PBXNativeTarget "AudioStreamServer" */ = {
			isa = XCConfigurationList;
			buildConfigurations = (
				FDDA85521E8FCCFA009E7656 /* Debug */,
				FDDA85531E8FCCFA009E7656 /* Release */,
			);
			defaultConfigurationIsVisible = 0;
			defaultConfigurationName = Release;
		};
/* End XCConfigurationList section */
	};
	rootObject = FDDA85351E8FCCFA009E7656 /* Project object */;
}
